
Microsoft Visual Studio Solution File, Format Version 12.00
# Visual Studio Version 17
VisualStudioVersion = 17.1.32328.378
MinimumVisualStudioVersion = 10.0.40219.1
Project("{FAE04EC0-301F-11D3-BF4B-00C04F79EFBC}") = "Insight.API", "Insight.API\Insight.API.csproj", "{AD7E2041-D425-489D-B44C-8F26B61ED267}"
EndProject
Global
	GlobalSection(SolutionConfigurationPlatforms) = preSolution
		Debug|Any CPU = Debug|Any CPU
		Release|Any CPU = Release|Any CPU
	EndGlobalSection
	GlobalSection(ProjectConfigurationPlatforms) = postSolution
		{AD7E2041-D425-489D-B44C-8F26B61ED267}.Debug|Any CPU.ActiveCfg = Debug|Any CPU
		{AD7E2041-D425-489D-B44C-8F26B61ED267}.Debug|Any CPU.Build.0 = Debug|Any CPU
		{AD7E2041-D425-489D-B44C-8F26B61ED267}.Release|Any CPU.ActiveCfg = Release|Any CPU
		{AD7E2041-D425-489D-B44C-8F26B61ED267}.Release|Any CPU.Build.0 = Release|Any CPU
	EndGlobalSection
	GlobalSection(SolutionProperties) = preSolution
		HideSolutionNode = FALSE
	EndGlobalSection
	GlobalSection(ExtensibilityGlobals) = postSolution
		SolutionGuid = {69A2DE25-FEFA-45CE-8CC5-56A60AC057E9}
	EndGlobalSection
EndGlobal
